# This file is autogenerated, do not edit; changes may be undone by the next 'dep ensure'.


[[projects]]
  branch = "master"
  digest = "1:47ea4fbe2ab4aeb9808502c51e657041c2e49b36b83fc1c1a349135cdf16342f"
  name = "github.com/agl/ed25519"
  packages = [
    ".",
    "edwards25519",
  ]
  pruneopts = "UT"
  revision = "5312a61534124124185d41f09206b9fef1d88403"

[[projects]]
  branch = "master"
  digest = "1:f8c5815a76aec3fac7f6d67911eccd3a93841294052b0e81bca1ff325a1ee62d"
  name = "github.com/aybabtme/rgbterm"
  packages = ["."]
  pruneopts = "UT"
  revision = "cc83f3b3ce5911279513a46d6d3316d67bedaa54"

[[projects]]
  branch = "master"
  digest = "1:d6afaeed1502aa28e80a4ed0981d570ad91b2579193404256ce672ed0a609e0d"
  name = "github.com/beorn7/perks"
  packages = ["quantile"]
  pruneopts = "UT"
  revision = "3a771d992973f24aa725d07868b467d1ddfceafb"

[[projects]]
  branch = "master"
  digest = "1:ca0f6e4875bc0473760007105d3caedce41b8d230ad094328beaee3d859c69cf"
  name = "github.com/brutella/dnssd"
  packages = [
    ".",
    "log",
  ]
  pruneopts = "UT"
  revision = "a1eecd10aafc0f8a4971c78dfc36e8778599434b"

[[projects]]
  branch = "master"
  digest = "1:99e15c39556e30115093241d432b3ee723b4a382dde7dc20ab99a2b38343b4ca"
  name = "github.com/brutella/hc"
  packages = [
    ".",
    "accessory",
    "characteristic",
    "crypto",
    "crypto/chacha20poly1305",
    "crypto/curve25519",
    "crypto/hkdf",
    "db",
    "event",
    "hap",
    "hap/controller",
    "hap/data",
    "hap/endpoint",
    "hap/http",
    "hap/pair",
    "log",
    "service",
    "util",
  ]
  pruneopts = "UT"
  revision = "5b6df487276b6f329e632f0992274dec73a8b7b0"

[[projects]]
  branch = "master"
  digest = "1:4c4c33075b704791d6a7f09dfb55c66769e8a1dc6adf87026292d274fe8ad113"
  name = "github.com/codahale/hdrhistogram"
  packages = ["."]
  pruneopts = "UT"
  revision = "3a0bb77429bd3a61596f5e8a3172445844342120"

[[projects]]
  digest = "1:a2c1d0e43bd3baaa071d1b9ed72c27d78169b2b269f71c105ac4ba34b1be4a39"
  name = "github.com/davecgh/go-spew"
  packages = ["spew"]
  pruneopts = "UT"
  revision = "346938d642f2ec3594ed81d874461961cd0faa76"
  version = "v1.1.0"

[[projects]]
  digest = "1:abeb38ade3f32a92943e5be54f55ed6d6e3b6602761d74b4aab4c9dd45c18abd"
  name = "github.com/fsnotify/fsnotify"
  packages = ["."]
  pruneopts = "UT"
  revision = "c2828203cd70a50dcccfb2761f8b1f8ceef9a8e9"
  version = "v1.4.7"

[[projects]]
  digest = "1:2b59aca2665ff804f6606c8829eaee133ddd3aefbc841014660d961b0034f888"
  name = "github.com/gin-contrib/cors"
  packages = ["."]
  pruneopts = "UT"
  revision = "cf4846e6a636a76237a28d9286f163c132e841bc"
  version = "v1.2"

[[projects]]
  branch = "master"
  digest = "1:43872a09562f93f82c4238d358883580d4315941ec8be43fd1cefda305610f58"
  name = "github.com/gin-contrib/pprof"
  packages = ["."]
  pruneopts = "UT"
  revision = "a27513940d36b2d14ba3c3459216b28b807fe8bd"

[[projects]]
  branch = "master"
  digest = "1:36fe9527deed01d2a317617e59304eb2c4ce9f8a24115bcc5c2e37b3aee5bae4"
  name = "github.com/gin-contrib/sse"
  packages = ["."]
  pruneopts = "UT"
  revision = "22d885f9ecc78bf4ee5d72b937e4bbcdc58e8cae"

[[projects]]
  branch = "master"
  digest = "1:2b0df69b0d482719446858d567d12f4565d1908ff563db27250cb2cde7f461ec"
  name = "github.com/gin-contrib/static"
  packages = ["."]
  pruneopts = "UT"
  revision = "8cbcdde04781ade853025b0ff7001aaf0ed06150"

[[projects]]
  branch = "master"
  digest = "1:2512ffe1a5325870c95033ff962b156ffea66e480a13a9c45a32c53443e77782"
  name = "github.com/gin-gonic/gin"
  packages = [
    ".",
    "binding",
    "json",
    "render",
  ]
  pruneopts = "UT"
  revision = "220e8d34538f5dfdcc299dda79bf83cf52e633f6"

[[projects]]
  digest = "1:bbadccf3d3317ea03c0dac0b45b673b4b397c8f91a1d2eff550a3c51c4ad770e"
  name = "github.com/gogo/protobuf"
  packages = ["proto"]
  pruneopts = "UT"
  revision = "636bf0302bc95575d69441b25a2603156ffdddf1"
  version = "v1.1.1"

[[projects]]
  branch = "master"
  digest = "1:6942f8f9f72bc1a652d8c280591f9696698af2d76bbbf8d84e3d694bcd5b0d7c"
  name = "github.com/golang/protobuf"
  packages = [
    "proto",
    "ptypes",
    "ptypes/any",
    "ptypes/duration",
    "ptypes/timestamp",
  ]
  pruneopts = "UT"
  revision = "11bd559057bb9c65e24d1bd7f436d375323a8565"

[[projects]]
  digest = "1:43dd08a10854b2056e615d1b1d22ac94559d822e1f8b6fcc92c1a1057e85188e"
  name = "github.com/gorilla/websocket"
  packages = ["."]
  pruneopts = "UT"
  revision = "ea4d1f681babbce9545c9c5f3d5194a789c89f5b"
  version = "v1.2.0"

[[projects]]
  branch = "master"
  digest = "1:cf2c701ef0396364e4b9964e68810ea873142eed2f7356744dacc2ed75edf0af"
  name = "github.com/gosexy/to"
  packages = ["."]
  pruneopts = "UT"
  revision = "c20e083e31230b84ffa23c5d2fb0bc55f5292681"

[[projects]]
  digest = "1:c0d19ab64b32ce9fe5cf4ddceba78d5bc9807f0016db6b1183599da3dcc24d10"
  name = "github.com/hashicorp/hcl"
  packages = [
    ".",
    "hcl/ast",
    "hcl/parser",
    "hcl/printer",
    "hcl/scanner",
    "hcl/strconv",
    "hcl/token",
    "json/parser",
    "json/scanner",
    "json/token",
  ]
  pruneopts = "UT"
  revision = "8cb6e5b959231cc1119e43259c4a608f9c51a241"
  version = "v1.0.0"

[[projects]]
  branch = "master"
  digest = "1:896088a174e58724d6c6f630d3186815dd7e7b38b25a070f90f29bfac2d8c0ee"
  name = "github.com/heatxsink/go-hue"
  packages = [
    "hue",
    "lights",
  ]
  pruneopts = "UT"
  revision = "077c5fe843490c62dfd36c7eee473f314dc5d605"

[[projects]]
  digest = "1:870d441fe217b8e689d7949fef6e43efbc787e50f200cb1e70dbca9204a1d6be"
  name = "github.com/inconshreveable/mousetrap"
  packages = ["."]
  pruneopts = "UT"
  revision = "76626ae9c91c4f2a10f34cad8ce83ea42c93bb75"
  version = "v1.0"

[[projects]]
  digest = "1:eaefc85d32c03e5f0c2b88ea2f79fce3d993e2c78316d21319575dd4ea9153ca"
  name = "github.com/json-iterator/go"
  packages = ["."]
  pruneopts = "UT"
  revision = "ab8a2e0c74be9d3be70b3184d9acc634935ded82"
  version = "1.1.4"

[[projects]]
  digest = "1:c65a16ac77d0b1aefc7009cabb6ac5ad05def02025f5be85f450c03f52cc6f86"
  name = "github.com/lucasb-eyer/go-colorful"
  packages = ["."]
  pruneopts = "UT"
  revision = "345fbb3dbcdb252d9985ee899a84963c0fa24c82"
  version = "v1.0"

[[projects]]
  digest = "1:c568d7727aa262c32bdf8a3f7db83614f7af0ed661474b24588de635c20024c7"
  name = "github.com/magiconair/properties"
  packages = ["."]
  pruneopts = "UT"
  revision = "c2353362d570a7bfa228149c62842019201cfb71"
  version = "v1.8.0"

[[projects]]
  digest = "1:d4d17353dbd05cb52a2a52b7fe1771883b682806f68db442b436294926bbfafb"
  name = "github.com/mattn/go-isatty"
  packages = ["."]
  pruneopts = "UT"
  revision = "0360b2af4f38e8d38c7fce2a9f4e702702d73a39"
  version = "v0.0.3"

[[projects]]
  digest = "1:ff5ebae34cfbf047d505ee150de27e60570e8c394b3b8fdbb720ff6ac71985fc"
  name = "github.com/matttproud/golang_protobuf_extensions"
  packages = ["pbutil"]
  pruneopts = "UT"
  revision = "c12348ce28de40eed0136aa2b644d0ee0650e56c"
  version = "v1.0.1"

[[projects]]
  branch = "master"
  digest = "1:7e4543a28ce437be9d263089699c5fd6cefc0f02a63592f7f85c0c4e21245e0a"
  name = "github.com/mcuadros/go-gin-prometheus"
  packages = ["."]
  pruneopts = "UT"
  revision = "3f93884fa240fd102425d65ce9781e561ba40496"

[[projects]]
  digest = "1:463e4140189f8194f9121ca1c7fe3b8e9e9a2ab3d949b43c835c21034927dc62"
  name = "github.com/miekg/dns"
  packages = ["."]
  pruneopts = "UT"
  revision = "5a2b9fab83ff0f8bfc99684bd5f43a37abe560f1"
  version = "v1.0.8"

[[projects]]
  digest = "1:645110e089152bd0f4a011a2648fbb0e4df5977be73ca605781157ac297f50c4"
  name = "github.com/mitchellh/mapstructure"
  packages = ["."]
  pruneopts = "UT"
  revision = "fa473d140ef3c6adf42d6b391fe76707f1f243c8"
  version = "v1.0.0"

[[projects]]
  digest = "1:33422d238f147d247752996a26574ac48dcf472976eda7f5134015f06bf16563"
  name = "github.com/modern-go/concurrent"
  packages = ["."]
  pruneopts = "UT"
  revision = "bacd9c7ef1dd9b15be4a9909b8ac7a4e313eec94"
  version = "1.0.3"

[[projects]]
  digest = "1:e32bdbdb7c377a07a9a46378290059822efdce5c8d96fe71940d87cb4f918855"
  name = "github.com/modern-go/reflect2"
  packages = ["."]
  pruneopts = "UT"
  revision = "4b7aa43c6742a2c18fdef89dd197aaae7dac7ccd"
  version = "1.0.1"

[[projects]]
  branch = "master"
  digest = "1:bb50ea9ef90bb78fb3c48780068c73e77c08dc1dae4cb1a60258adee7cdb9cdc"
  name = "github.com/nickysemenza/gola"
  packages = [
    ".",
    "ola_proto",
    "ola_rpc",
  ]
  pruneopts = "UT"
  revision = "9e33ab08e328cc40be0070bb1bfc36a5f3aadc90"

[[projects]]
  digest = "1:450b7623b185031f3a456801155c8320209f75d0d4c4e633c6b1e59d44d6e392"
  name = "github.com/opentracing/opentracing-go"
  packages = [
    ".",
    "ext",
    "log",
  ]
  pruneopts = "UT"
  revision = "1949ddbfd147afd4d964a9f00b24eb291e0e7c38"
  version = "v1.0.2"

[[projects]]
  digest = "1:95741de3af260a92cc5c7f3f3061e85273f5a81b5db20d4bd68da74bd521675e"
  name = "github.com/pelletier/go-toml"
  packages = ["."]
  pruneopts = "UT"
  revision = "c01d1270ff3e442a8a57cddc1c92dc1138598194"
  version = "v1.2.0"

[[projects]]
  digest = "1:40e195917a951a8bf867cd05de2a46aaf1806c50cf92eebf4c16f78cd196f747"
  name = "github.com/pkg/errors"
  packages = ["."]
  pruneopts = "UT"
  revision = "645ef00459ed84a119197bfb8d8205042c6df63d"
  version = "v0.8.0"

[[projects]]
  digest = "1:0028cb19b2e4c3112225cd871870f2d9cf49b9b4276531f03438a88e94be86fe"
  name = "github.com/pmezard/go-difflib"
  packages = ["difflib"]
  pruneopts = "UT"
  revision = "792786c7400a136282c1664665ae0a8db921c6c2"
  version = "v1.0.0"

[[projects]]
  branch = "master"
  digest = "1:9b83fd78682c33ded36902d802bd46992204addfc195fe877f4d331e41fe869e"
  name = "github.com/prometheus/client_golang"
  packages = [
    "prometheus",
    "prometheus/internal",
    "prometheus/promauto",
    "prometheus/promhttp",
  ]
  pruneopts = "UT"
  revision = "b5bfa0eb2c8d46bd91dc58271e973c5f0bbebcfa"

[[projects]]
  branch = "master"
  digest = "1:2d5cd61daa5565187e1d96bae64dbbc6080dacf741448e9629c64fd93203b0d4"
  name = "github.com/prometheus/client_model"
  packages = ["go"]
  pruneopts = "UT"
  revision = "5c3871d89910bfb32f5fcab2aa4b9ec68e65a99f"

[[projects]]
  branch = "master"
  digest = "1:e469cd65badf7694aeb44874518606d93c1d59e7735d3754ad442782437d3cc3"
  name = "github.com/prometheus/common"
  packages = [
    "expfmt",
    "internal/bitbucket.org/ww/goautoneg",
    "model",
  ]
  pruneopts = "UT"
  revision = "7600349dcfe1abd18d72d3a1770870d9800a7801"

[[projects]]
  branch = "master"
  digest = "1:8c49953a1414305f2ff5465147ee576dd705487c35b15918fcd4efdc0cb7a290"
  name = "github.com/prometheus/procfs"
  packages = [
    ".",
    "internal/util",
    "nfs",
    "xfs",
  ]
  pruneopts = "UT"
  revision = "05ee40e3a273f7245e8777337fc7b46e533a9a92"

[[projects]]
  digest = "1:d867dfa6751c8d7a435821ad3b736310c2ed68945d05b50fb9d23aee0540c8cc"
  name = "github.com/sirupsen/logrus"
  packages = ["."]
  pruneopts = "UT"
  revision = "3e01752db0189b9157070a0e1668a620f9a85da2"
  version = "v1.0.6"

[[projects]]
  digest = "1:6a4a11ba764a56d2758899ec6f3848d24698d48442ebce85ee7a3f63284526cd"
  name = "github.com/spf13/afero"
  packages = [
    ".",
    "mem",
  ]
  pruneopts = "UT"
  revision = "d40851caa0d747393da1ffb28f7f9d8b4eeffebd"
  version = "v1.1.2"

[[projects]]
  digest = "1:516e71bed754268937f57d4ecb190e01958452336fa73dbac880894164e91c1f"
  name = "github.com/spf13/cast"
  packages = ["."]
  pruneopts = "UT"
  revision = "8965335b8c7107321228e3e3702cab9832751bac"
  version = "v1.2.0"

[[projects]]
  digest = "1:645cabccbb4fa8aab25a956cbcbdf6a6845ca736b2c64e197ca7cbb9d210b939"
  name = "github.com/spf13/cobra"
  packages = ["."]
  pruneopts = "UT"
  revision = "ef82de70bb3f60c65fb8eebacbb2d122ef517385"
  version = "v0.0.3"

[[projects]]
  digest = "1:68ea4e23713989dc20b1bded5d9da2c5f9be14ff9885beef481848edd18c26cb"
  name = "github.com/spf13/jwalterweatherman"
  packages = ["."]
  pruneopts = "UT"
  revision = "4a4406e478ca629068e7768fc33f3f044173c0a6"
  version = "v1.0.0"

[[projects]]
  digest = "1:9424f440bba8f7508b69414634aef3b2b3a877e522d8a4624692412805407bb7"
  name = "github.com/spf13/pflag"
  packages = ["."]
  pruneopts = "UT"
  revision = "583c0c0531f06d5278b7d917446061adc344b5cd"
  version = "v1.0.1"

[[projects]]
  digest = "1:6e30a27eac59a148b3f7a32e0ba54706b31dcde5a42f63b22cb47873b62fa343"
  name = "github.com/spf13/viper"
  packages = ["."]
  pruneopts = "UT"
  revision = "8fb642006536c8d3760c99d4fa2389f5e2205631"
  version = "v1.2.0"

[[projects]]
  digest = "1:c40d65817cdd41fac9aa7af8bed56927bb2d6d47e4fea566a74880f5c2b1c41e"
  name = "github.com/stretchr/testify"
  packages = [
    "assert",
    "require",
  ]
  pruneopts = "UT"
  revision = "f35b8ab0b5a2cef36673838d662e249dd9c94686"
  version = "v1.2.2"

[[projects]]
  branch = "master"
  digest = "1:4203ff9f9475785fe17a29ce1f4e72098d770606a14b6559e8ddc3bd3f579f5e"
  name = "github.com/tadglines/go-pkgs"
  packages = ["crypto/srp"]
  pruneopts = "UT"
  revision = "1f86682992f1a784aa7592b2be0ae80f194b2479"

[[projects]]
  digest = "1:104a2d7446f4628e4663d7c029b18da1aad4313735de775f37b6e7720b1d0aa7"
  name = "github.com/uber/jaeger-client-go"
  packages = [
    ".",
    "config",
    "internal/baggage",
    "internal/baggage/remote",
    "internal/spanlog",
    "internal/throttler",
    "internal/throttler/remote",
    "log",
    "rpcmetrics",
    "thrift",
    "thrift-gen/agent",
    "thrift-gen/baggage",
    "thrift-gen/jaeger",
    "thrift-gen/sampling",
    "thrift-gen/zipkincore",
    "utils",
  ]
  pruneopts = "UT"
  revision = "b043381d944715b469fd6b37addfd30145ca1758"
  version = "v2.14.0"

[[projects]]
  digest = "1:0f09db8429e19d57c8346ad76fbbc679341fa86073d3b8fb5ac919f0357d8f4c"
  name = "github.com/uber/jaeger-lib"
  packages = ["metrics"]
  pruneopts = "UT"
  revision = "ed3a127ec5fef7ae9ea95b01b542c47fbd999ce5"
  version = "v1.5.0"

[[projects]]
  digest = "1:c268acaa4a4d94a467980e5e91452eb61c460145765293dc0aed48e5e9919cc6"
  name = "github.com/ugorji/go"
  packages = ["codec"]
  pruneopts = "UT"
  revision = "c88ee250d0221a57af388746f5cf03768c21d6e2"

[[projects]]
  branch = "master"
  digest = "1:8c4037cfe969b0ce37e1bd68b7dcc47b51c5ee78328b23627015af7d8bc72606"
  name = "github.com/yuin/gluamapper"
  packages = ["."]
  pruneopts = "UT"
  revision = "d836955830e75240d46ce9f0e6d148d94f2e1d3a"

[[projects]]
  branch = "master"
  digest = "1:01c635b58a702e90a93e75b9aa736c4375ce4a58c999b0073ff801c795033072"
  name = "github.com/yuin/gopher-lua"
  packages = [
    ".",
    "ast",
    "parse",
    "pm",
  ]
  pruneopts = "UT"
  revision = "799fa34954fbf844a6c25ea3b061bfd56f73bd10"

[[projects]]
  branch = "master"
  digest = "1:8774db9c4d755ee61c5abc8570b84afc1426f00e4536e0b2f2c7c6536df1d2dd"
  name = "golang.org/x/crypto"
  packages = [
    "chacha20poly1305",
    "curve25519",
    "ed25519",
    "ed25519/internal/edwards25519",
    "hkdf",
    "internal/chacha20",
    "internal/subtle",
    "poly1305",
    "ssh/terminal",
  ]
  pruneopts = "UT"
  revision = "c126467f60eb25f8f27e5a981f32a87e3965053f"

[[projects]]
  branch = "master"
  digest = "1:859a175b134d9fed28632e2dbcc85ea8fb92fc77fcc20b2feaa395e0b2f4bc0c"
  name = "golang.org/x/net"
  packages = [
    "bpf",
    "context",
    "http/httpguts",
    "http2",
    "http2/hpack",
    "idna",
    "internal/iana",
    "internal/socket",
    "internal/timeseries",
    "ipv4",
    "ipv6",
    "trace",
  ]
  pruneopts = "UT"
  revision = "a0f8a16cb08c06df97cbdf9c47f4731ba548c33c"

[[projects]]
  branch = "master"
  digest = "1:a220a85c72a6cb7339c412cb2b117019a7fd94007cdfffb3b5b1d058227a2bf8"
  name = "golang.org/x/sys"
  packages = [
    "cpu",
    "unix",
    "windows",
  ]
  pruneopts = "UT"
  revision = "bd9dbc187b6e1dacfdd2722a87e83093c2d7bd6e"

[[projects]]
  digest = "1:a2ab62866c75542dd18d2b069fec854577a20211d7c0ea6ae746072a1dccdd18"
  name = "golang.org/x/text"
  packages = [
    "collate",
    "collate/build",
    "internal/colltab",
    "internal/gen",
    "internal/tag",
    "internal/triegen",
    "internal/ucd",
    "language",
    "secure/bidirule",
    "transform",
    "unicode/bidi",
    "unicode/cldr",
    "unicode/norm",
    "unicode/rangetable",
  ]
  pruneopts = "UT"
  revision = "f21a4dfb5e38f5895301dc265a8def02365cc3d0"
  version = "v0.3.0"

[[projects]]
  branch = "master"
  digest = "1:077c1c599507b3b3e9156d17d36e1e61928ee9b53a5b420f10f28ebd4a0b275c"
  name = "google.golang.org/genproto"
  packages = ["googleapis/rpc/status"]
  pruneopts = "UT"
  revision = "2a72893556e4d1f6c795a4c039314c9fa751eedb"

[[projects]]
  digest = "1:2dab32a43451e320e49608ff4542fdfc653c95dcc35d0065ec9c6c3dd540ed74"
  name = "google.golang.org/grpc"
  packages = [
    ".",
    "balancer",
    "balancer/base",
    "balancer/roundrobin",
    "codes",
    "connectivity",
    "credentials",
    "encoding",
    "encoding/proto",
    "grpclog",
    "internal",
    "internal/backoff",
    "internal/channelz",
    "internal/grpcrand",
    "keepalive",
    "metadata",
    "naming",
    "peer",
    "resolver",
    "resolver/dns",
    "resolver/passthrough",
    "stats",
    "status",
    "tap",
    "transport",
  ]
  pruneopts = "UT"
  revision = "168a6198bcb0ef175f7dacec0b8691fc141dc9b8"
  version = "v1.13.0"

[[projects]]
  digest = "1:1b4724d3c8125f6044925f02b485b74bfec9905cbf579d95aafd1a6c8f8447d3"
  name = "gopkg.in/go-playground/validator.v8"
  packages = ["."]
  pruneopts = "UT"
  revision = "5f57d2222ad794d0dffb07e664ea05e2ee07d60c"
  version = "v8.18.1"

[[projects]]
  digest = "1:cacb98d52c60c337c2ce95a7af83ba0313a93ce5e73fa9e99a96aff70776b9d3"
  name = "gopkg.in/yaml.v2"
  packages = ["."]
  pruneopts = "UT"
  revision = "a5b47d31c556af34a302ce5d659e6fea44d90de0"

[solve-meta]
  analyzer-name = "dep"
  analyzer-version = 1
  input-imports = [
    "github.com/aybabtme/rgbterm",
    "github.com/brutella/hc",
    "github.com/brutella/hc/accessory",
    "github.com/gin-contrib/cors",
    "github.com/gin-contrib/pprof",
    "github.com/gin-contrib/static",
    "github.com/gin-gonic/gin",
    "github.com/golang/protobuf/proto",
    "github.com/gorilla/websocket",
    "github.com/heatxsink/go-hue/lights",
    "github.com/lucasb-eyer/go-colorful",
    "github.com/mcuadros/go-gin-prometheus",
    "github.com/nickysemenza/gola",
    "github.com/opentracing/opentracing-go",
    "github.com/opentracing/opentracing-go/ext",
    "github.com/prometheus/client_golang/prometheus",
    "github.com/prometheus/client_golang/prometheus/promauto",
    "github.com/prometheus/client_golang/prometheus/promhttp",
    "github.com/sirupsen/logrus",
    "github.com/spf13/cobra",
    "github.com/spf13/viper",
    "github.com/stretchr/testify/assert",
    "github.com/stretchr/testify/require",
    "github.com/uber/jaeger-client-go",
    "github.com/uber/jaeger-client-go/config",
    "github.com/uber/jaeger-client-go/log",
    "github.com/yuin/gluamapper",
    "github.com/yuin/gopher-lua",
    "golang.org/x/net/context",
    "google.golang.org/grpc",
  ]
  solver-name = "gps-cdcl"
  solver-version = 1
